{
  "requires": true,
  "lockfileVersion": 1,
  "dependencies": {
    "caniuse-lite": {
      "version": "1.0.30001084",
      "resolved": "https://registry.npmjs.org/caniuse-lite/-/caniuse-lite-1.0.30001084.tgz",
      "integrity": "sha512-ftdc5oGmhEbLUuMZ/Qp3mOpzfZLCxPYKcvGv6v2dJJ+8EdqcvZRbAGOiLmkM/PV1QGta/uwBs8/nCl6sokDW6w=="
    }
  }
}
