
Microsoft Visual Studio Solution File, Format Version 12.00
# Visual Studio Version 17
VisualStudioVersion = 17.0.31912.275
MinimumVisualStudioVersion = 15.0.26124.0
Project("{9A19103F-16F7-4668-BE54-9A1E7A4F7556}") = "Stock.Api", "Stock.Api\Stock.Api.csproj", "{30E6F0DA-17F9-4A05-BD4E-FE5E3214B093}"
EndProject
Project("{9A19103F-16F7-4668-BE54-9A1E7A4F7556}") = "Stock.AppService", "Stock.AppService\Stock.AppService.csproj", "{BEEBC69D-B033-4EC4-B79D-7C323F9CF151}"
EndProject
Project("{9A19103F-16F7-4668-BE54-9A1E7A4F7556}") = "Stock.Model", "Stock.Model\Stock.Model.csproj", "{56F2A339-C7A1-4FF0-BBE3-FF83F454AE01}"
EndProject
Project("{9A19103F-16F7-4668-BE54-9A1E7A4F7556}") = "Stock.Repository.LiteDb", "Stock.Repository.LiteDb\Stock.Repository.LiteDb.csproj", "{D3AD2199-3805-45F5-B400-16C02C48A7B3}"
EndProject
Project("{9A19103F-16F7-4668-BE54-9A1E7A4F7556}") = "Stock.Test", "Stock.Test\Stock.Test.csproj", "{1DCE5647-C174-4291-84F1-30734EA90C33}"
EndProject
Global
	GlobalSection(SolutionConfigurationPlatforms) = preSolution
		Debug|Any CPU = Debug|Any CPU
		Debug|x64 = Debug|x64
		Debug|x86 = Debug|x86
		Release|Any CPU = Release|Any CPU
		Release|x64 = Release|x64
		Release|x86 = Release|x86
	EndGlobalSection
	GlobalSection(ProjectConfigurationPlatforms) = postSolution
		{30E6F0DA-17F9-4A05-BD4E-FE5E3214B093}.Debug|Any CPU.ActiveCfg = Debug|Any CPU
		{30E6F0DA-17F9-4A05-BD4E-FE5E3214B093}.Debug|Any CPU.Build.0 = Debug|Any CPU
		{30E6F0DA-17F9-4A05-BD4E-FE5E3214B093}.Debug|x64.ActiveCfg = Debug|Any CPU
		{30E6F0DA-17F9-4A05-BD4E-FE5E3214B093}.Debug|x64.Build.0 = Debug|Any CPU
		{30E6F0DA-17F9-4A05-BD4E-FE5E3214B093}.Debug|x86.ActiveCfg = Debug|Any CPU
		{30E6F0DA-17F9-4A05-BD4E-FE5E3214B093}.Debug|x86.Build.0 = Debug|Any CPU
		{30E6F0DA-17F9-4A05-BD4E-FE5E3214B093}.Release|Any CPU.ActiveCfg = Release|Any CPU
		{30E6F0DA-17F9-4A05-BD4E-FE5E3214B093}.Release|Any CPU.Build.0 = Release|Any CPU
		{30E6F0DA-17F9-4A05-BD4E-FE5E3214B093}.Release|x64.ActiveCfg = Release|Any CPU
		{30E6F0DA-17F9-4A05-BD4E-FE5E3214B093}.Release|x64.Build.0 = Release|Any CPU
		{30E6F0DA-17F9-4A05-BD4E-FE5E3214B093}.Release|x86.ActiveCfg = Release|Any CPU
		{30E6F0DA-17F9-4A05-BD4E-FE5E3214B093}.Release|x86.Build.0 = Release|Any CPU
		{BEEBC69D-B033-4EC4-B79D-7C323F9CF151}.Debug|Any CPU.ActiveCfg = Debug|Any CPU
		{BEEBC69D-B033-4EC4-B79D-7C323F9CF151}.Debug|Any CPU.Build.0 = Debug|Any CPU
		{BEEBC69D-B033-4EC4-B79D-7C323F9CF151}.Debug|x64.ActiveCfg = Debug|Any CPU
		{BEEBC69D-B033-4EC4-B79D-7C323F9CF151}.Debug|x64.Build.0 = Debug|Any CPU
		{BEEBC69D-B033-4EC4-B79D-7C323F9CF151}.Debug|x86.ActiveCfg = Debug|Any CPU
		{BEEBC69D-B033-4EC4-B79D-7C323F9CF151}.Debug|x86.Build.0 = Debug|Any CPU
		{BEEBC69D-B033-4EC4-B79D-7C323F9CF151}.Release|Any CPU.ActiveCfg = Release|Any CPU
		{BEEBC69D-B033-4EC4-B79D-7C323F9CF151}.Release|Any CPU.Build.0 = Release|Any CPU
		{BEEBC69D-B033-4EC4-B79D-7C323F9CF151}.Release|x64.ActiveCfg = Release|Any CPU
		{BEEBC69D-B033-4EC4-B79D-7C323F9CF151}.Release|x64.Build.0 = Release|Any CPU
		{BEEBC69D-B033-4EC4-B79D-7C323F9CF151}.Release|x86.ActiveCfg = Release|Any CPU
		{BEEBC69D-B033-4EC4-B79D-7C323F9CF151}.Release|x86.Build.0 = Release|Any CPU
		{56F2A339-C7A1-4FF0-BBE3-FF83F454AE01}.Debug|Any CPU.ActiveCfg = Debug|Any CPU
		{56F2A339-C7A1-4FF0-BBE3-FF83F454AE01}.Debug|Any CPU.Build.0 = Debug|Any CPU
		{56F2A339-C7A1-4FF0-BBE3-FF83F454AE01}.Debug|x64.ActiveCfg = Debug|Any CPU
		{56F2A339-C7A1-4FF0-BBE3-FF83F454AE01}.Debug|x64.Build.0 = Debug|Any CPU
		{56F2A339-C7A1-4FF0-BBE3-FF83F454AE01}.Debug|x86.ActiveCfg = Debug|Any CPU
		{56F2A339-C7A1-4FF0-BBE3-FF83F454AE01}.Debug|x86.Build.0 = Debug|Any CPU
		{56F2A339-C7A1-4FF0-BBE3-FF83F454AE01}.Release|Any CPU.ActiveCfg = Release|Any CPU
		{56F2A339-C7A1-4FF0-BBE3-FF83F454AE01}.Release|Any CPU.Build.0 = Release|Any CPU
		{56F2A339-C7A1-4FF0-BBE3-FF83F454AE01}.Release|x64.ActiveCfg = Release|Any CPU
		{56F2A339-C7A1-4FF0-BBE3-FF83F454AE01}.Release|x64.Build.0 = Release|Any CPU
		{56F2A339-C7A1-4FF0-BBE3-FF83F454AE01}.Release|x86.ActiveCfg = Release|Any CPU
		{56F2A339-C7A1-4FF0-BBE3-FF83F454AE01}.Release|x86.Build.0 = Release|Any CPU
		{D3AD2199-3805-45F5-B400-16C02C48A7B3}.Debug|Any CPU.ActiveCfg = Debug|Any CPU
		{D3AD2199-3805-45F5-B400-16C02C48A7B3}.Debug|Any CPU.Build.0 = Debug|Any CPU
		{D3AD2199-3805-45F5-B400-16C02C48A7B3}.Debug|x64.ActiveCfg = Debug|Any CPU
		{D3AD2199-3805-45F5-B400-16C02C48A7B3}.Debug|x64.Build.0 = Debug|Any CPU
		{D3AD2199-3805-45F5-B400-16C02C48A7B3}.Debug|x86.ActiveCfg = Debug|Any CPU
		{D3AD2199-3805-45F5-B400-16C02C48A7B3}.Debug|x86.Build.0 = Debug|Any CPU
		{D3AD2199-3805-45F5-B400-16C02C48A7B3}.Release|Any CPU.ActiveCfg = Release|Any CPU
		{D3AD2199-3805-45F5-B400-16C02C48A7B3}.Release|Any CPU.Build.0 = Release|Any CPU
		{D3AD2199-3805-45F5-B400-16C02C48A7B3}.Release|x64.ActiveCfg = Release|Any CPU
		{D3AD2199-3805-45F5-B400-16C02C48A7B3}.Release|x64.Build.0 = Release|Any CPU
		{D3AD2199-3805-45F5-B400-16C02C48A7B3}.Release|x86.ActiveCfg = Release|Any CPU
		{D3AD2199-3805-45F5-B400-16C02C48A7B3}.Release|x86.Build.0 = Release|Any CPU
		{1DCE5647-C174-4291-84F1-30734EA90C33}.Debug|Any CPU.ActiveCfg = Debug|Any CPU
		{1DCE5647-C174-4291-84F1-30734EA90C33}.Debug|Any CPU.Build.0 = Debug|Any CPU
		{1DCE5647-C174-4291-84F1-30734EA90C33}.Debug|x64.ActiveCfg = Debug|Any CPU
		{1DCE5647-C174-4291-84F1-30734EA90C33}.Debug|x64.Build.0 = Debug|Any CPU
		{1DCE5647-C174-4291-84F1-30734EA90C33}.Debug|x86.ActiveCfg = Debug|Any CPU
		{1DCE5647-C174-4291-84F1-30734EA90C33}.Debug|x86.Build.0 = Debug|Any CPU
		{1DCE5647-C174-4291-84F1-30734EA90C33}.Release|Any CPU.ActiveCfg = Release|Any CPU
		{1DCE5647-C174-4291-84F1-30734EA90C33}.Release|Any CPU.Build.0 = Release|Any CPU
		{1DCE5647-C174-4291-84F1-30734EA90C33}.Release|x64.ActiveCfg = Release|Any CPU
		{1DCE5647-C174-4291-84F1-30734EA90C33}.Release|x64.Build.0 = Release|Any CPU
		{1DCE5647-C174-4291-84F1-30734EA90C33}.Release|x86.ActiveCfg = Release|Any CPU
		{1DCE5647-C174-4291-84F1-30734EA90C33}.Release|x86.Build.0 = Release|Any CPU
	EndGlobalSection
	GlobalSection(SolutionProperties) = preSolution
		HideSolutionNode = FALSE
	EndGlobalSection
	GlobalSection(ExtensibilityGlobals) = postSolution
		SolutionGuid = {0085C4F5-F12C-4E11-A011-024910538134}
	EndGlobalSection
EndGlobal
